// !$*UTF8*$!
{
	archiveVersion = 1;
	classes = {
	};
	objectVersion = 56;
	objects = {

/* Begin PBXBuildFile section */
		5870191A2C42E53E0016B9FC /* TinyMoonMobileApp.swift in Sources */ = {isa = PBXBuildFile; fileRef = 587019192C42E53E0016B9FC /* TinyMoonMobileApp.swift */; };
		5870191C2C42E53E0016B9FC /* ContentView.swift in Sources */ = {isa = PBXBuildFile; fileRef = 5870191B2C42E53E0016B9FC /* ContentView.swift */; };
		5870191E2C42E5400016B9FC /* Assets.xcassets in Resources */ = {isa = PBXBuildFile; fileRef = 5870191D2C42E5400016B9FC /* Assets.xcassets */; };
		587019212C42E5400016B9FC /* Preview Assets.xcassets in Resources */ = {isa = PBXBuildFile; fileRef = 587019202C42E5400016B9FC /* Preview Assets.xcassets */; };
		5870192B2C42E5400016B9FC /* TinyMoonMobileTests.swift in Sources */ = {isa = PBXBuildFile; fileRef = 5870192A2C42E5400016B9FC /* TinyMoonMobileTests.swift */; };
		587019352C42E5400016B9FC /* TinyMoonMobileUITests.swift in Sources */ = {isa = PBXBuildFile; fileRef = 587019342C42E5400016B9FC /* TinyMoonMobileUITests.swift */; };
		587019372C42E5400016B9FC /* TinyMoonMobileUITestsLaunchTests.swift in Sources */ = {isa = PBXBuildFile; fileRef = 587019362C42E5400016B9FC /* TinyMoonMobileUITestsLaunchTests.swift */; };
		587019452C42E80A0016B9FC /* TinyMoon in Frameworks */ = {isa = PBXBuildFile; productRef = 587019442C42E80A0016B9FC /* TinyMoon */; };
/* End PBXBuildFile section */

/* Begin PBXContainerItemProxy section */
		587019272C42E5400016B9FC /* PBXContainerItemProxy */ = {
			isa = PBXContainerItemProxy;
			containerPortal = 5870190E2C42E53E0016B9FC /* Project object */;
			proxyType = 1;
			remoteGlobalIDString = 587019152C42E53E0016B9FC;
			remoteInfo = TinyMoonMobile;
		};
		587019312C42E5400016B9FC /* PBXContainerItemProxy */ = {
			isa = PBXContainerItemProxy;
			containerPortal = 5870190E2C42E53E0016B9FC /* Project object */;
			proxyType = 1;
			remoteGlobalIDString = 587019152C42E53E0016B9FC;
			remoteInfo = TinyMoonMobile;
		};
/* End PBXContainerItemProxy section */

/* Begin PBXFileReference section */
		587019162C42E53E0016B9FC /* TinyMoonMobile.app */ = {isa = PBXFileReference; explicitFileType = wrapper.application; includeInIndex = 0; path = TinyMoonMobile.app; sourceTree = BUILT_PRODUCTS_DIR; };
		587019192C42E53E0016B9FC /* TinyMoonMobileApp.swift */ = {isa = PBXFileReference; lastKnownFileType = sourcecode.swift; path = TinyMoonMobileApp.swift; sourceTree = "<group>"; };
		5870191B2C42E53E0016B9FC /* ContentView.swift */ = {isa = PBXFileReference; lastKnownFileType = sourcecode.swift; path = ContentView.swift; sourceTree = "<group>"; };
		5870191D2C42E5400016B9FC /* Assets.xcassets */ = {isa = PBXFileReference; lastKnownFileType = folder.assetcatalog; path = Assets.xcassets; sourceTree = "<group>"; };
		587019202C42E5400016B9FC /* Preview Assets.xcassets */ = {isa = PBXFileReference; lastKnownFileType = folder.assetcatalog; path = "Preview Assets.xcassets"; sourceTree = "<group>"; };
		587019262C42E5400016B9FC /* TinyMoonMobileTests.xctest */ = {isa = PBXFileReference; explicitFileType = wrapper.cfbundle; includeInIndex = 0; path = TinyMoonMobileTests.xctest; sourceTree = BUILT_PRODUCTS_DIR; };
		5870192A2C42E5400016B9FC /* TinyMoonMobileTests.swift */ = {isa = PBXFileReference; lastKnownFileType = sourcecode.swift; path = TinyMoonMobileTests.swift; sourceTree = "<group>"; };
		587019302C42E5400016B9FC /* TinyMoonMobileUITests.xctest */ = {isa = PBXFileReference; explicitFileType = wrapper.cfbundle; includeInIndex = 0; path = TinyMoonMobileUITests.xctest; sourceTree = BUILT_PRODUCTS_DIR; };
		587019342C42E5400016B9FC /* TinyMoonMobileUITests.swift */ = {isa = PBXFileReference; lastKnownFileType = sourcecode.swift; path = TinyMoonMobileUITests.swift; sourceTree = "<group>"; };
		587019362C42E5400016B9FC /* TinyMoonMobileUITestsLaunchTests.swift */ = {isa = PBXFileReference; lastKnownFileType = sourcecode.swift; path = TinyMoonMobileUITestsLaunchTests.swift; sourceTree = "<group>"; };
/* End PBXFileReference section */

/* Begin PBXFrameworksBuildPhase section */
		587019132C42E53E0016B9FC /* Frameworks */ = {
			isa = PBXFrameworksBuildPhase;
			buildActionMask = 2147483647;
			files = (
				587019452C42E80A0016B9FC /* TinyMoon in Frameworks */,
			);
			runOnlyForDeploymentPostprocessing = 0;
		};
		587019232C42E5400016B9FC /* Frameworks */ = {
			isa = PBXFrameworksBuildPhase;
			buildActionMask = 2147483647;
			files = (
			);
			runOnlyForDeploymentPostprocessing = 0;
		};
		5870192D2C42E5400016B9FC /* Frameworks */ = {
			isa = PBXFrameworksBuildPhase;
			buildActionMask = 2147483647;
			files = (
			);
			runOnlyForDeploymentPostprocessing = 0;
		};
/* End PBXFrameworksBuildPhase section */

/* Begin PBXGroup section */
		5870190D2C42E53E0016B9FC = {
			isa = PBXGroup;
			children = (
				587019182C42E53E0016B9FC /* TinyMoonMobile */,
				587019292C42E5400016B9FC /* TinyMoonMobileTests */,
				587019332C42E5400016B9FC /* TinyMoonMobileUITests */,
				587019172C42E53E0016B9FC /* Products */,
			);
			sourceTree = "<group>";
		};
		587019172C42E53E0016B9FC /* Products */ = {
			isa = PBXGroup;
			children = (
				587019162C42E53E0016B9FC /* TinyMoonMobile.app */,
				587019262C42E5400016B9FC /* TinyMoonMobileTests.xctest */,
				587019302C42E5400016B9FC /* TinyMoonMobileUITests.xctest */,
			);
			name = Products;
			sourceTree = "<group>";
		};
		587019182C42E53E0016B9FC /* TinyMoonMobile */ = {
			isa = PBXGroup;
			children = (
				587019192C42E53E0016B9FC /* TinyMoonMobileApp.swift */,
				5870191B2C42E53E0016B9FC /* ContentView.swift */,
				5870191D2C42E5400016B9FC /* Assets.xcassets */,
				5870191F2C42E5400016B9FC /* Preview Content */,
			);
			path = TinyMoonMobile;
			sourceTree = "<group>";
		};
		5870191F2C42E5400016B9FC /* Preview Content */ = {
			isa = PBXGroup;
			children = (
				587019202C42E5400016B9FC /* Preview Assets.xcassets */,
			);
			path = "Preview Content";
			sourceTree = "<group>";
		};
		587019292C42E5400016B9FC /* TinyMoonMobileTests */ = {
			isa = PBXGroup;
			children = (
				5870192A2C42E5400016B9FC /* TinyMoonMobileTests.swift */,
			);
			path = TinyMoonMobileTests;
			sourceTree = "<group>";
		};
		587019332C42E5400016B9FC /* TinyMoonMobileUITests */ = {
			isa = PBXGroup;
			children = (
				587019342C42E5400016B9FC /* TinyMoonMobileUITests.swift */,
				587019362C42E5400016B9FC /* TinyMoonMobileUITestsLaunchTests.swift */,
			);
			path = TinyMoonMobileUITests;
			sourceTree = "<group>";
		};
/* End PBXGroup section */

/* Begin PBXNativeTarget section */
		587019152C42E53E0016B9FC /* TinyMoonMobile */ = {
			isa = PBXNativeTarget;
			buildConfigurationList = 5870193A2C42E5400016B9FC /* Build configuration list for PBXNativeTarget "TinyMoonMobile" */;
			buildPhases = (
				587019122C42E53E0016B9FC /* Sources */,
				587019132C42E53E0016B9FC /* Frameworks */,
				587019142C42E53E0016B9FC /* Resources */,
			);
			buildRules = (
			);
			dependencies = (
			);
			name = TinyMoonMobile;
			packageProductDependencies = (
				587019442C42E80A0016B9FC /* TinyMoon */,
			);
			productName = TinyMoonMobile;
			productReference = 587019162C42E53E0016B9FC /* TinyMoonMobile.app */;
			productType = "com.apple.product-type.application";
		};
		587019252C42E5400016B9FC /* TinyMoonMobileTests */ = {
			isa = PBXNativeTarget;
			buildConfigurationList = 5870193D2C42E5400016B9FC /* Build configuration list for PBXNativeTarget "TinyMoonMobileTests" */;
			buildPhases = (
				587019222C42E5400016B9FC /* Sources */,
				587019232C42E5400016B9FC /* Frameworks */,
				587019242C42E5400016B9FC /* Resources */,
			);
			buildRules = (
			);
			dependencies = (
				587019282C42E5400016B9FC /* PBXTargetDependency */,
			);
			name = TinyMoonMobileTests;
			productName = TinyMoonMobileTests;
			productReference = 587019262C42E5400016B9FC /* TinyMoonMobileTests.xctest */;
			productType = "com.apple.product-type.bundle.unit-test";
		};
		5870192F2C42E5400016B9FC /* TinyMoonMobileUITests */ = {
			isa = PBXNativeTarget;
			buildConfigurationList = 587019402C42E5400016B9FC /* Build configuration list for PBXNativeTarget "TinyMoonMobileUITests" */;
			buildPhases = (
				5870192C2C42E5400016B9FC /* Sources */,
				5870192D2C42E5400016B9FC /* Frameworks */,
				5870192E2C42E5400016B9FC /* Resources */,
			);
			buildRules = (
			);
			dependencies = (
				587019322C42E5400016B9FC /* PBXTargetDependency */,
			);
			name = TinyMoonMobileUITests;
			productName = TinyMoonMobileUITests;
			productReference = 587019302C42E5400016B9FC /* TinyMoonMobileUITests.xctest */;
			productType = "com.apple.product-type.bundle.ui-testing";
		};
/* End PBXNativeTarget section */

/* Begin PBXProject section */
		5870190E2C42E53E0016B9FC /* Project object */ = {
			isa = PBXProject;
			attributes = {
				BuildIndependentTargetsInParallel = 1;
				LastSwiftUpdateCheck = 1540;
				LastUpgradeCheck = 1540;
				TargetAttributes = {
					587019152C42E53E0016B9FC = {
						CreatedOnToolsVersion = 15.4;
					};
					587019252C42E5400016B9FC = {
						CreatedOnToolsVersion = 15.4;
						TestTargetID = 587019152C42E53E0016B9FC;
					};
					5870192F2C42E5400016B9FC = {
						CreatedOnToolsVersion = 15.4;
						TestTargetID = 587019152C42E53E0016B9FC;
					};
				};
			};
			buildConfigurationList = 587019112C42E53E0016B9FC /* Build configuration list for PBXProject "TinyMoonMobile" */;
			compatibilityVersion = "Xcode 14.0";
			developmentRegion = en;
			hasScannedForEncodings = 0;
			knownRegions = (
				en,
				Base,
			);
			mainGroup = 5870190D2C42E53E0016B9FC;
			packageReferences = (
				587019432C42E80A0016B9FC /* XCRemoteSwiftPackageReference "TinyMoon" */,
			);
			productRefGroup = 587019172C42E53E0016B9FC /* Products */;
			projectDirPath = "";
			projectRoot = "";
			targets = (
				587019152C42E53E0016B9FC /* TinyMoonMobile */,
				587019252C42E5400016B9FC /* TinyMoonMobileTests */,
				5870192F2C42E5400016B9FC /* TinyMoonMobileUITests */,
			);
		};
/* End PBXProject section */

/* Begin PBXResourcesBuildPhase section */
		587019142C42E53E0016B9FC /* Resources */ = {
			isa = PBXResourcesBuildPhase;
			buildActionMask = 2147483647;
			files = (
				587019212C42E5400016B9FC /* Preview Assets.xcassets in Resources */,
				5870191E2C42E5400016B9FC /* Assets.xcassets in Resources */,
			);
			runOnlyForDeploymentPostprocessing = 0;
		};
		587019242C42E5400016B9FC /* Resources */ = {
			isa = PBXResourcesBuildPhase;
			buildActionMask = 2147483647;
			files = (
			);
			runOnlyForDeploymentPostprocessing = 0;
		};
		5870192E2C42E5400016B9FC /* Resources */ = {
			isa = PBXResourcesBuildPhase;
			buildActionMask = 2147483647;
			files = (
			);
			runOnlyForDeploymentPostprocessing = 0;
		};
/* End PBXResourcesBuildPhase section */

/* Begin PBXSourcesBuildPhase section */
		587019122C42E53E0016B9FC /* Sources */ = {
			isa = PBXSourcesBuildPhase;
			buildActionMask = 2147483647;
			files = (
				5870191C2C42E53E0016B9FC /* ContentView.swift in Sources */,
				5870191A2C42E53E0016B9FC /* TinyMoonMobileApp.swift in Sources */,
			);
			runOnlyForDeploymentPostprocessing = 0;
		};
		587019222C42E5400016B9FC /* Sources */ = {
			isa = PBXSourcesBuildPhase;
			buildActionMask = 2147483647;
			files = (
				5870192B2C42E5400016B9FC /* TinyMoonMobileTests.swift in Sources */,
			);
			runOnlyForDeploymentPostprocessing = 0;
		};
		5870192C2C42E5400016B9FC /* Sources */ = {
			isa = PBXSourcesBuildPhase;
			buildActionMask = 2147483647;
			files = (
				587019352C42E5400016B9FC /* TinyMoonMobileUITests.swift in Sources */,
				587019372C42E5400016B9FC /* TinyMoonMobileUITestsLaunchTests.swift in Sources */,
			);
			runOnlyForDeploymentPostprocessing = 0;
		};
/* End PBXSourcesBuildPhase section */

/* Begin PBXTargetDependency section */
		587019282C42E5400016B9FC /* PBXTargetDependency */ = {
			isa = PBXTargetDependency;
			target = 587019152C42E53E0016B9FC /* TinyMoonMobile */;
			targetProxy = 587019272C42E5400016B9FC /* PBXContainerItemProxy */;
		};
		587019322C42E5400016B9FC /* PBXTargetDependency */ = {
			isa = PBXTargetDependency;
			target = 587019152C42E53E0016B9FC /* TinyMoonMobile */;
			targetProxy = 587019312C42E5400016B9FC /* PBXContainerItemProxy */;
		};
/* End PBXTargetDependency section */

/* Begin XCBuildConfiguration section */
		587019382C42E5400016B9FC /* Debug */ = {
			isa = XCBuildConfiguration;
			buildSettings = {
				ALWAYS_SEARCH_USER_PATHS = NO;
				ASSETCATALOG_COMPILER_GENERATE_SWIFT_ASSET_SYMBOL_EXTENSIONS = YES;
				CLANG_ANALYZER_NONNULL = YES;
				CLANG_ANALYZER_NUMBER_OBJECT_CONVERSION = YES_AGGRESSIVE;
				CLANG_CXX_LANGUAGE_STANDARD = "gnu++20";
				CLANG_ENABLE_MODULES = YES;
				CLANG_ENABLE_OBJC_ARC = YES;
				CLANG_ENABLE_OBJC_WEAK = YES;
				CLANG_WARN_BLOCK_CAPTURE_AUTORELEASING = YES;
				CLANG_WARN_BOOL_CONVERSION = YES;
				CLANG_WARN_COMMA = YES;
				CLANG_WARN_CONSTANT_CONVERSION = YES;
				CLANG_WARN_DEPRECATED_OBJC_IMPLEMENTATIONS = YES;
				CLANG_WARN_DIRECT_OBJC_ISA_USAGE = YES_ERROR;
				CLANG_WARN_DOCUMENTATION_COMMENTS = YES;
				CLANG_WARN_EMPTY_BODY = YES;
				CLANG_WARN_ENUM_CONVERSION = YES;
				CLANG_WARN_INFINITE_RECURSION = YES;
				CLANG_WARN_INT_CONVERSION = YES;
				CLANG_WARN_NON_LITERAL_NULL_CONVERSION = YES;
				CLANG_WARN_OBJC_IMPLICIT_RETAIN_SELF = YES;
				CLANG_WARN_OBJC_LITERAL_CONVERSION = YES;
				CLANG_WARN_OBJC_ROOT_CLASS = YES_ERROR;
				CLANG_WARN_QUOTED_INCLUDE_IN_FRAMEWORK_HEADER = YES;
				CLANG_WARN_RANGE_LOOP_ANALYSIS = YES;
				CLANG_WARN_STRICT_PROTOTYPES = YES;
				CLANG_WARN_SUSPICIOUS_MOVE = YES;
				CLANG_WARN_UNGUARDED_AVAILABILITY = YES_AGGRESSIVE;
				CLANG_WARN_UNREACHABLE_CODE = YES;
				CLANG_WARN__DUPLICATE_METHOD_MATCH = YES;
				COPY_PHASE_STRIP = NO;
				DEBUG_INFORMATION_FORMAT = dwarf;
				ENABLE_STRICT_OBJC_MSGSEND = YES;
				ENABLE_TESTABILITY = YES;
				ENABLE_USER_SCRIPT_SANDBOXING = YES;
				GCC_C_LANGUAGE_STANDARD = gnu17;
				GCC_DYNAMIC_NO_PIC = NO;
				GCC_NO_COMMON_BLOCKS = YES;
				GCC_OPTIMIZATION_LEVEL = 0;
				GCC_PREPROCESSOR_DEFINITIONS = (
					"DEBUG=1",
					"$(inherited)",
				);
				GCC_WARN_64_TO_32_BIT_CONVERSION = YES;
				GCC_WARN_ABOUT_RETURN_TYPE = YES_ERROR;
				GCC_WARN_UNDECLARED_SELECTOR = YES;
				GCC_WARN_UNINITIALIZED_AUTOS = YES_AGGRESSIVE;
				GCC_WARN_UNUSED_FUNCTION = YES;
				GCC_WARN_UNUSED_VARIABLE = YES;
				IPHONEOS_DEPLOYMENT_TARGET = 17.5;
				LOCALIZATION_PREFERS_STRING_CATALOGS = YES;
				MTL_ENABLE_DEBUG_INFO = INCLUDE_SOURCE;
				MTL_FAST_MATH = YES;
				ONLY_ACTIVE_ARCH = YES;
				SDKROOT = iphoneos;
				SWIFT_ACTIVE_COMPILATION_CONDITIONS = "DEBUG $(inherited)";
				SWIFT_OPTIMIZATION_LEVEL = "-Onone";
			};
			name = Debug;
		};
		587019392C42E5400016B9FC /* Release */ = {
			isa = XCBuildConfiguration;
			buildSettings = {
				ALWAYS_SEARCH_USER_PATHS = NO;
				ASSETCATALOG_COMPILER_GENERATE_SWIFT_ASSET_SYMBOL_EXTENSIONS = YES;
				CLANG_ANALYZER_NONNULL = YES;
				CLANG_ANALYZER_NUMBER_OBJECT_CONVERSION = YES_AGGRESSIVE;
				CLANG_CXX_LANGUAGE_STANDARD = "gnu++20";
				CLANG_ENABLE_MODULES = YES;
				CLANG_ENABLE_OBJC_ARC = YES;
				CLANG_ENABLE_OBJC_WEAK = YES;
				CLANG_WARN_BLOCK_CAPTURE_AUTORELEASING = YES;
				CLANG_WARN_BOOL_CONVERSION = YES;
				CLANG_WARN_COMMA = YES;
				CLANG_WARN_CONSTANT_CONVERSION = YES;
				CLANG_WARN_DEPRECATED_OBJC_IMPLEMENTATIONS = YES;
				CLANG_WARN_DIRECT_OBJC_ISA_USAGE = YES_ERROR;
				CLANG_WARN_DOCUMENTATION_COMMENTS = YES;
				CLANG_WARN_EMPTY_BODY = YES;
				CLANG_WARN_ENUM_CONVERSION = YES;
				CLANG_WARN_INFINITE_RECURSION = YES;
				CLANG_WARN_INT_CONVERSION = YES;
				CLANG_WARN_NON_LITERAL_NULL_CONVERSION = YES;
				CLANG_WARN_OBJC_IMPLICIT_RETAIN_SELF = YES;
				CLANG_WARN_OBJC_LITERAL_CONVERSION = YES;
				CLANG_WARN_OBJC_ROOT_CLASS = YES_ERROR;
				CLANG_WARN_QUOTED_INCLUDE_IN_FRAMEWORK_HEADER = YES;
				CLANG_WARN_RANGE_LOOP_ANALYSIS = YES;
				CLANG_WARN_STRICT_PROTOTYPES = YES;
				CLANG_WARN_SUSPICIOUS_MOVE = YES;
				CLANG_WARN_UNGUARDED_AVAILABILITY = YES_AGGRESSIVE;
				CLANG_WARN_UNREACHABLE_CODE = YES;
				CLANG_WARN__DUPLICATE_METHOD_MATCH = YES;
				COPY_PHASE_STRIP = NO;
				DEBUG_INFORMATION_FORMAT = "dwarf-with-dsym";
				ENABLE_NS_ASSERTIONS = NO;
				ENABLE_STRICT_OBJC_MSGSEND = YES;
				ENABLE_USER_SCRIPT_SANDBOXING = YES;
				GCC_C_LANGUAGE_STANDARD = gnu17;
				GCC_NO_COMMON_BLOCKS = YES;
				GCC_WARN_64_TO_32_BIT_CONVERSION = YES;
				GCC_WARN_ABOUT_RETURN_TYPE = YES_ERROR;
				GCC_WARN_UNDECLARED_SELECTOR = YES;
				GCC_WARN_UNINITIALIZED_AUTOS = YES_AGGRESSIVE;
				GCC_WARN_UNUSED_FUNCTION = YES;
				GCC_WARN_UNUSED_VARIABLE = YES;
				IPHONEOS_DEPLOYMENT_TARGET = 17.5;
				LOCALIZATION_PREFERS_STRING_CATALOGS = YES;
				MTL_ENABLE_DEBUG_INFO = NO;
				MTL_FAST_MATH = YES;
				SDKROOT = iphoneos;
				SWIFT_COMPILATION_MODE = wholemodule;
				VALIDATE_PRODUCT = YES;
			};
			name = Release;
		};
		5870193B2C42E5400016B9FC /* Debug */ = {
			isa = XCBuildConfiguration;
			buildSettings = {
				ASSETCATALOG_COMPILER_APPICON_NAME = AppIcon;
				ASSETCATALOG_COMPILER_GLOBAL_ACCENT_COLOR_NAME = AccentColor;
				CODE_SIGN_STYLE = Automatic;
				CURRENT_PROJECT_VERSION = 1;
				DEVELOPMENT_ASSET_PATHS = "\"TinyMoonMobile/Preview Content\"";
				DEVELOPMENT_TEAM = KB8J5QDTYU;
				ENABLE_PREVIEWS = YES;
				GENERATE_INFOPLIST_FILE = YES;
				INFOPLIST_KEY_LSApplicationCategoryType = "public.app-category.weather";
				INFOPLIST_KEY_UIApplicationSceneManifest_Generation = YES;
				INFOPLIST_KEY_UIApplicationSupportsIndirectInputEvents = YES;
				INFOPLIST_KEY_UILaunchScreen_Generation = YES;
				INFOPLIST_KEY_UISupportedInterfaceOrientations_iPad = "UIInterfaceOrientationPortrait UIInterfaceOrientationPortraitUpsideDown UIInterfaceOrientationLandscapeLeft UIInterfaceOrientationLandscapeRight";
				INFOPLIST_KEY_UISupportedInterfaceOrientations_iPhone = "UIInterfaceOrientationPortrait UIInterfaceOrientationLandscapeLeft UIInterfaceOrientationLandscapeRight";
				LD_RUNPATH_SEARCH_PATHS = (
					"$(inherited)",
					"@executable_path/Frameworks",
				);
				MARKETING_VERSION = 1.0;
				PRODUCT_BUNDLE_IDENTIFIER = manny.TinyMoonMobile;
				PRODUCT_NAME = "$(TARGET_NAME)";
				SWIFT_EMIT_LOC_STRINGS = YES;
				SWIFT_VERSION = 5.0;
				TARGETED_DEVICE_FAMILY = "1,2";
			};
			name = Debug;
		};
		5870193C2C42E5400016B9FC /* Release */ = {
			isa = XCBuildConfiguration;
			buildSettings = {
				ASSETCATALOG_COMPILER_APPICON_NAME = AppIcon;
				ASSETCATALOG_COMPILER_GLOBAL_ACCENT_COLOR_NAME = AccentColor;
				CODE_SIGN_STYLE = Automatic;
				CURRENT_PROJECT_VERSION = 1;
				DEVELOPMENT_ASSET_PATHS = "\"TinyMoonMobile/Preview Content\"";
				DEVELOPMENT_TEAM = KB8J5QDTYU;
				ENABLE_PREVIEWS = YES;
				GENERATE_INFOPLIST_FILE = YES;
				INFOPLIST_KEY_LSApplicationCategoryType = "public.app-category.weather";
				INFOPLIST_KEY_UIApplicationSceneManifest_Generation = YES;
				INFOPLIST_KEY_UIApplicationSupportsIndirectInputEvents = YES;
				INFOPLIST_KEY_UILaunchScreen_Generation = YES;
				INFOPLIST_KEY_UISupportedInterfaceOrientations_iPad = "UIInterfaceOrientationPortrait UIInterfaceOrientationPortraitUpsideDown UIInterfaceOrientationLandscapeLeft UIInterfaceOrientationLandscapeRight";
				INFOPLIST_KEY_UISupportedInterfaceOrientations_iPhone = "UIInterfaceOrientationPortrait UIInterfaceOrientationLandscapeLeft UIInterfaceOrientationLandscapeRight";
				LD_RUNPATH_SEARCH_PATHS = (
					"$(inherited)",
					"@executable_path/Frameworks",
				);
				MARKETING_VERSION = 1.0;
				PRODUCT_BUNDLE_IDENTIFIER = manny.TinyMoonMobile;
				PRODUCT_NAME = "$(TARGET_NAME)";
				SWIFT_EMIT_LOC_STRINGS = YES;
				SWIFT_VERSION = 5.0;
				TARGETED_DEVICE_FAMILY = "1,2";
			};
			name = Release;
		};
		5870193E2C42E5400016B9FC /* Debug */ = {
			isa = XCBuildConfiguration;
			buildSettings = {
				ALWAYS_EMBED_SWIFT_STANDARD_LIBRARIES = YES;
				BUNDLE_LOADER = "$(TEST_HOST)";
				CODE_SIGN_STYLE = Automatic;
				CURRENT_PROJECT_VERSION = 1;
				DEVELOPMENT_TEAM = KB8J5QDTYU;
				GENERATE_INFOPLIST_FILE = YES;
				IPHONEOS_DEPLOYMENT_TARGET = 17.5;
				MARKETING_VERSION = 1.0;
				PRODUCT_BUNDLE_IDENTIFIER = manny.TinyMoonMobileTests;
				PRODUCT_NAME = "$(TARGET_NAME)";
				SWIFT_EMIT_LOC_STRINGS = NO;
				SWIFT_VERSION = 5.0;
				TARGETED_DEVICE_FAMILY = "1,2";
				TEST_HOST = "$(BUILT_PRODUCTS_DIR)/TinyMoonMobile.app/$(BUNDLE_EXECUTABLE_FOLDER_PATH)/TinyMoonMobile";
			};
			name = Debug;
		};
		5870193F2C42E5400016B9FC /* Release */ = {
			isa = XCBuildConfiguration;
			buildSettings = {
				ALWAYS_EMBED_SWIFT_STANDARD_LIBRARIES = YES;
				BUNDLE_LOADER = "$(TEST_HOST)";
				CODE_SIGN_STYLE = Automatic;
				CURRENT_PROJECT_VERSION = 1;
				DEVELOPMENT_TEAM = KB8J5QDTYU;
				GENERATE_INFOPLIST_FILE = YES;
				IPHONEOS_DEPLOYMENT_TARGET = 17.5;
				MARKETING_VERSION = 1.0;
				PRODUCT_BUNDLE_IDENTIFIER = manny.TinyMoonMobileTests;
				PRODUCT_NAME = "$(TARGET_NAME)";
				SWIFT_EMIT_LOC_STRINGS = NO;
				SWIFT_VERSION = 5.0;
				TARGETED_DEVICE_FAMILY = "1,2";
				TEST_HOST = "$(BUILT_PRODUCTS_DIR)/TinyMoonMobile.app/$(BUNDLE_EXECUTABLE_FOLDER_PATH)/TinyMoonMobile";
			};
			name = Release;
		};
		587019412C42E5400016B9FC /* Debug */ = {
			isa = XCBuildConfiguration;
			buildSettings = {
				ALWAYS_EMBED_SWIFT_STANDARD_LIBRARIES = YES;
				CODE_SIGN_STYLE = Automatic;
				CURRENT_PROJECT_VERSION = 1;
				DEVELOPMENT_TEAM = KB8J5QDTYU;
				GENERATE_INFOPLIST_FILE = YES;
				MARKETING_VERSION = 1.0;
				PRODUCT_BUNDLE_IDENTIFIER = manny.TinyMoonMobileUITests;
				PRODUCT_NAME = "$(TARGET_NAME)";
				SWIFT_EMIT_LOC_STRINGS = NO;
				SWIFT_VERSION = 5.0;
				TARGETED_DEVICE_FAMILY = "1,2";
				TEST_TARGET_NAME = TinyMoonMobile;
			};
			name = Debug;
		};
		587019422C42E5400016B9FC /* Release */ = {
			isa = XCBuildConfiguration;
			buildSettings = {
				ALWAYS_EMBED_SWIFT_STANDARD_LIBRARIES = YES;
				CODE_SIGN_STYLE = Automatic;
				CURRENT_PROJECT_VERSION = 1;
				DEVELOPMENT_TEAM = KB8J5QDTYU;
				GENERATE_INFOPLIST_FILE = YES;
				MARKETING_VERSION = 1.0;
				PRODUCT_BUNDLE_IDENTIFIER = manny.TinyMoonMobileUITests;
				PRODUCT_NAME = "$(TARGET_NAME)";
				SWIFT_EMIT_LOC_STRINGS = NO;
				SWIFT_VERSION = 5.0;
				TARGETED_DEVICE_FAMILY = "1,2";
				TEST_TARGET_NAME = TinyMoonMobile;
			};
			name = Release;
		};
/* End XCBuildConfiguration section */

/* Begin XCConfigurationList section */
		587019112C42E53E0016B9FC /* Build configuration list for PBXProject "TinyMoonMobile" */ = {
			isa = XCConfigurationList;
			buildConfigurations = (
				587019382C42E5400016B9FC /* Debug */,
				587019392C42E5400016B9FC /* Release */,
			);
			defaultConfigurationIsVisible = 0;
			defaultConfigurationName = Release;
		};
		5870193A2C42E5400016B9FC /* Build configuration list for PBXNativeTarget "TinyMoonMobile" */ = {
			isa = XCConfigurationList;
			buildConfigurations = (
				5870193B2C42E5400016B9FC /* Debug */,
				5870193C2C42E5400016B9FC /* Release */,
			);
			defaultConfigurationIsVisible = 0;
			defaultConfigurationName = Release;
		};
		5870193D2C42E5400016B9FC /* Build configuration list for PBXNativeTarget "TinyMoonMobileTests" */ = {
			isa = XCConfigurationList;
			buildConfigurations = (
				5870193E2C42E5400016B9FC /* Debug */,
				5870193F2C42E5400016B9FC /* Release */,
			);
			defaultConfigurationIsVisible = 0;
			defaultConfigurationName = Release;
		};
		587019402C42E5400016B9FC /* Build configuration list for PBXNativeTarget "TinyMoonMobileUITests" */ = {
			isa = XCConfigurationList;
			buildConfigurations = (
				587019412C42E5400016B9FC /* Debug */,
				587019422C42E5400016B9FC /* Release */,
			);
			defaultConfigurationIsVisible = 0;
			defaultConfigurationName = Release;
		};
/* End XCConfigurationList section */

/* Begin XCRemoteSwiftPackageReference section */
		587019432C42E80A0016B9FC /* XCRemoteSwiftPackageReference "TinyMoon" */ = {
			isa = XCRemoteSwiftPackageReference;
			repositoryURL = "https://github.com/mannylopez/TinyMoon";
			requirement = {
				kind = upToNextMajorVersion;
				minimumVersion = 2.3.0;
			};
		};
/* End XCRemoteSwiftPackageReference section */

/* Begin XCSwiftPackageProductDependency section */
		587019442C42E80A0016B9FC /* TinyMoon */ = {
			isa = XCSwiftPackageProductDependency;
			package = 587019432C42E80A0016B9FC /* XCRemoteSwiftPackageReference "TinyMoon" */;
			productName = TinyMoon;
		};
/* End XCSwiftPackageProductDependency section */
	};
	rootObject = 5870190E2C42E53E0016B9FC /* Project object */;
}
