{
  "originHash" : "35de365e2756072de9c5066f21287819f9dfeb29dac8fac2586a8c979e618cae",
  "pins" : [
    {
      "identity" : "tinymoon",
      "kind" : "remoteSourceControl",
      "location" : "https://github.com/mannylopez/TinyMoon",
      "state" : {
        "revision" : "870531920ce537f6ab391d782a5ef7bf8a98d00f",
        "version" : "2.4.0"
      }
    }
  ],
  "version" : 3
}
