{
  "originHash" : "35de365e2756072de9c5066f21287819f9dfeb29dac8fac2586a8c979e618cae",
  "pins" : [
    {
      "identity" : "tinymoon",
      "kind" : "remoteSourceControl",
      "location" : "https://github.com/mannylopez/TinyMoon",
      "state" : {
        "revision" : "e77760dc163941ec84d4aea80bd3d0178fc18c32",
        "version" : "3.0.0"
      }
    }
  ],
  "version" : 3
}
